
Microsoft Visual Studio Solution File, Format Version 12.00
# Visual Studio 15
VisualStudioVersion = 15.0.27703.2026
MinimumVisualStudioVersion = 10.0.40219.1
Project("{FAE04EC0-301F-11D3-BF4B-00C04F79EFBC}") = "PracticaLista", "PracticaLista\PracticaLista.csproj", "{C5F41E2C-9A25-446C-9442-B13E3B69E0EF}"
EndProject
Global
	GlobalSection(SolutionConfigurationPlatforms) = preSolution
		Debug|Any CPU = Debug|Any CPU
		Release|Any CPU = Release|Any CPU
	EndGlobalSection
	GlobalSection(ProjectConfigurationPlatforms) = postSolution
		{C5F41E2C-9A25-446C-9442-B13E3B69E0EF}.Debug|Any CPU.ActiveCfg = Debug|Any CPU
		{C5F41E2C-9A25-446C-9442-B13E3B69E0EF}.Debug|Any CPU.Build.0 = Debug|Any CPU
		{C5F41E2C-9A25-446C-9442-B13E3B69E0EF}.Release|Any CPU.ActiveCfg = Release|Any CPU
		{C5F41E2C-9A25-446C-9442-B13E3B69E0EF}.Release|Any CPU.Build.0 = Release|Any CPU
	EndGlobalSection
	GlobalSection(SolutionProperties) = preSolution
		HideSolutionNode = FALSE
	EndGlobalSection
	GlobalSection(ExtensibilityGlobals) = postSolution
		SolutionGuid = {04B8C124-3676-4BA5-93B8-0088B0CFFEA4}
	EndGlobalSection
EndGlobal
